
Microsoft Visual Studio Solution File, Format Version 12.00
# Visual Studio Version 17
VisualStudioVersion = 17.11.35312.102
MinimumVisualStudioVersion = 10.0.40219.1
Project("{FAE04EC0-301F-11D3-BF4B-00C04F79EFBC}") = "CSBME-LAB-L5-Ornaments", "CSBME-LAB-L5-Ornaments.csproj", "{4CEE02A6-A080-481D-B91C-70CDA590A368}"
EndProject
Global
	GlobalSection(SolutionConfigurationPlatforms) = preSolution
		Debug|Any CPU = Debug|Any CPU
		Release|Any CPU = Release|Any CPU
	EndGlobalSection
	GlobalSection(ProjectConfigurationPlatforms) = postSolution
		{4CEE02A6-A080-481D-B91C-70CDA590A368}.Debug|Any CPU.ActiveCfg = Debug|Any CPU
		{4CEE02A6-A080-481D-B91C-70CDA590A368}.Debug|Any CPU.Build.0 = Debug|Any CPU
		{4CEE02A6-A080-481D-B91C-70CDA590A368}.Release|Any CPU.ActiveCfg = Release|Any CPU
		{4CEE02A6-A080-481D-B91C-70CDA590A368}.Release|Any CPU.Build.0 = Release|Any CPU
	EndGlobalSection
	GlobalSection(SolutionProperties) = preSolution
		HideSolutionNode = FALSE
	EndGlobalSection
	GlobalSection(ExtensibilityGlobals) = postSolution
		SolutionGuid = {26A92C87-7B95-464E-BF89-0EE8FA5F0725}
	EndGlobalSection
EndGlobal
